{
  "nodes": {
    "nixpkgs": {
      "locked": {
        "lastModified": 1671236577,
        "narHash": "sha256-cFnAQnyz021GmGD+PXGxtshgu/JeRNVNG27oo0ps8DA=",
        "path": "/nix/store/khigh5l2n7xxms0v8s03bgml1vs1l2rg-source",
        "rev": "d99ec2c9bcbb8322ce9a0e6f76f786566d4ab447",
        "type": "path"
      },
      "original": {
        "id": "nixpkgs",
        "type": "indirect"
      }
    },
    "root": {
      "inputs": {
        "nixpkgs": "nixpkgs"
      }
    }
  },
  "root": "root",
  "version": 7
}
